# THIS IS AN AUTOGENERATED FILE. DO NOT EDIT THIS FILE DIRECTLY.
# yarn lockfile v1


addressparser@^0.3.2:
  version "0.3.2"
  resolved "https://registry.yarnpkg.com/addressparser/-/addressparser-0.3.2.tgz#59873f35e8fcf6c7361c10239261d76e15348bb2"

axios@^0.21.1:
  version "0.21.1"
  resolved "https://registry.yarnpkg.com/axios/-/axios-0.21.1.tgz#22563481962f4d6bde9a76d516ef0e5d3c09b2b8"
  dependencies:
    follow-redirects "^1.10.0"

emailjs-base64@^1.1.4:
  version "1.1.4"
  resolved "https://registry.yarnpkg.com/emailjs-base64/-/emailjs-base64-1.1.4.tgz#392fa38cb6aa35dccd3af3637ffc14c1c7ce9612"

emailjs-mime-codec@^2.0.7:
  version "2.0.9"
  resolved "https://registry.yarnpkg.com/emailjs-mime-codec/-/emailjs-mime-codec-2.0.9.tgz#d184451b6f2e55c5868b0f0a82d18fe2b82f0c97"
  dependencies:
    emailjs-base64 "^1.1.4"
    ramda "^0.26.1"
    text-encoding "^0.7.0"

emailjs@^2.2.0:
  version "2.2.0"
  resolved "https://registry.yarnpkg.com/emailjs/-/emailjs-2.2.0.tgz#ba5b23e4a4b0a4510f652e873b154e9407b6ca03"
  dependencies:
    addressparser "^0.3.2"
    emailjs-mime-codec "^2.0.7"

follow-redirects@^1.10.0:
  version "1.13.1"
  resolved "https://registry.yarnpkg.com/follow-redirects/-/follow-redirects-1.13.1.tgz#5f69b813376cee4fd0474a3aba835df04ab763b7"

ramda@^0.26.1:
  version "0.26.1"
  resolved "https://registry.yarnpkg.com/ramda/-/ramda-0.26.1.tgz#8d41351eb8111c55353617fc3bbffad8e4d35d06"

text-encoding@^0.7.0:
  version "0.7.0"
  resolved "https://registry.yarnpkg.com/text-encoding/-/text-encoding-0.7.0.tgz#f895e836e45990624086601798ea98e8f36ee643"
